
Microsoft Visual Studio Solution File, Format Version 12.00
# Visual Studio Version 17
VisualStudioVersion = 17.1.32328.378
MinimumVisualStudioVersion = 10.0.40219.1
Project("{9A19103F-16F7-4668-BE54-9A1E7A4F7556}") = "ConsoleCrypt", "ConsoleCrypt\ConsoleCrypt.csproj", "{CE68DAAC-68AC-46F3-9C45-8E81E5546DC7}"
EndProject
Project("{9A19103F-16F7-4668-BE54-9A1E7A4F7556}") = "CommonForCryptPasswordLibrary", "CommonForCryptPasswordLibrary\CommonForCryptPasswordLibrary.csproj", "{93791F1B-0204-426D-B8BA-312D298371FB}"
EndProject
Project("{FAE04EC0-301F-11D3-BF4B-00C04F79EFBC}") = "CryptApp.Android", "CryptApp\CryptApp.Android\CryptApp.Android.csproj", "{7F82F35F-AC8A-4A5C-83A3-234891CBBA40}"
EndProject
Project("{9A19103F-16F7-4668-BE54-9A1E7A4F7556}") = "CryptApp", "CryptApp\CryptApp\CryptApp.csproj", "{64A4C15F-8EF0-4B8E-9AB8-20EB4473A69D}"
EndProject
Project("{FAE04EC0-301F-11D3-BF4B-00C04F79EFBC}") = "TestConsoleCrypt", "TestConsoleCrypt\TestConsoleCrypt.csproj", "{1A6823C2-4DA9-4ED4-B24B-2965FA517238}"
EndProject
Global
	GlobalSection(SolutionConfigurationPlatforms) = preSolution
		Debug|Any CPU = Debug|Any CPU
		Debug|ARM = Debug|ARM
		Debug|iPhone = Debug|iPhone
		Debug|iPhoneSimulator = Debug|iPhoneSimulator
		Debug|x64 = Debug|x64
		Debug|x86 = Debug|x86
		Release|Any CPU = Release|Any CPU
		Release|ARM = Release|ARM
		Release|iPhone = Release|iPhone
		Release|iPhoneSimulator = Release|iPhoneSimulator
		Release|x64 = Release|x64
		Release|x86 = Release|x86
	EndGlobalSection
	GlobalSection(ProjectConfigurationPlatforms) = postSolution
		{CE68DAAC-68AC-46F3-9C45-8E81E5546DC7}.Debug|Any CPU.ActiveCfg = Debug|Any CPU
		{CE68DAAC-68AC-46F3-9C45-8E81E5546DC7}.Debug|Any CPU.Build.0 = Debug|Any CPU
		{CE68DAAC-68AC-46F3-9C45-8E81E5546DC7}.Debug|ARM.ActiveCfg = Debug|Any CPU
		{CE68DAAC-68AC-46F3-9C45-8E81E5546DC7}.Debug|ARM.Build.0 = Debug|Any CPU
		{CE68DAAC-68AC-46F3-9C45-8E81E5546DC7}.Debug|iPhone.ActiveCfg = Debug|Any CPU
		{CE68DAAC-68AC-46F3-9C45-8E81E5546DC7}.Debug|iPhone.Build.0 = Debug|Any CPU
		{CE68DAAC-68AC-46F3-9C45-8E81E5546DC7}.Debug|iPhoneSimulator.ActiveCfg = Debug|Any CPU
		{CE68DAAC-68AC-46F3-9C45-8E81E5546DC7}.Debug|iPhoneSimulator.Build.0 = Debug|Any CPU
		{CE68DAAC-68AC-46F3-9C45-8E81E5546DC7}.Debug|x64.ActiveCfg = Debug|Any CPU
		{CE68DAAC-68AC-46F3-9C45-8E81E5546DC7}.Debug|x64.Build.0 = Debug|Any CPU
		{CE68DAAC-68AC-46F3-9C45-8E81E5546DC7}.Debug|x86.ActiveCfg = Debug|Any CPU
		{CE68DAAC-68AC-46F3-9C45-8E81E5546DC7}.Debug|x86.Build.0 = Debug|Any CPU
		{CE68DAAC-68AC-46F3-9C45-8E81E5546DC7}.Release|Any CPU.ActiveCfg = Release|Any CPU
		{CE68DAAC-68AC-46F3-9C45-8E81E5546DC7}.Release|Any CPU.Build.0 = Release|Any CPU
		{CE68DAAC-68AC-46F3-9C45-8E81E5546DC7}.Release|ARM.ActiveCfg = Release|Any CPU
		{CE68DAAC-68AC-46F3-9C45-8E81E5546DC7}.Release|ARM.Build.0 = Release|Any CPU
		{CE68DAAC-68AC-46F3-9C45-8E81E5546DC7}.Release|iPhone.ActiveCfg = Release|Any CPU
		{CE68DAAC-68AC-46F3-9C45-8E81E5546DC7}.Release|iPhone.Build.0 = Release|Any CPU
		{CE68DAAC-68AC-46F3-9C45-8E81E5546DC7}.Release|iPhoneSimulator.ActiveCfg = Release|Any CPU
		{CE68DAAC-68AC-46F3-9C45-8E81E5546DC7}.Release|iPhoneSimulator.Build.0 = Release|Any CPU
		{CE68DAAC-68AC-46F3-9C45-8E81E5546DC7}.Release|x64.ActiveCfg = Release|Any CPU
		{CE68DAAC-68AC-46F3-9C45-8E81E5546DC7}.Release|x64.Build.0 = Release|Any CPU
		{CE68DAAC-68AC-46F3-9C45-8E81E5546DC7}.Release|x86.ActiveCfg = Release|Any CPU
		{CE68DAAC-68AC-46F3-9C45-8E81E5546DC7}.Release|x86.Build.0 = Release|Any CPU
		{93791F1B-0204-426D-B8BA-312D298371FB}.Debug|Any CPU.ActiveCfg = Debug|Any CPU
		{93791F1B-0204-426D-B8BA-312D298371FB}.Debug|Any CPU.Build.0 = Debug|Any CPU
		{93791F1B-0204-426D-B8BA-312D298371FB}.Debug|ARM.ActiveCfg = Debug|Any CPU
		{93791F1B-0204-426D-B8BA-312D298371FB}.Debug|ARM.Build.0 = Debug|Any CPU
		{93791F1B-0204-426D-B8BA-312D298371FB}.Debug|iPhone.ActiveCfg = Debug|Any CPU
		{93791F1B-0204-426D-B8BA-312D298371FB}.Debug|iPhone.Build.0 = Debug|Any CPU
		{93791F1B-0204-426D-B8BA-312D298371FB}.Debug|iPhoneSimulator.ActiveCfg = Debug|Any CPU
		{93791F1B-0204-426D-B8BA-312D298371FB}.Debug|iPhoneSimulator.Build.0 = Debug|Any CPU
		{93791F1B-0204-426D-B8BA-312D298371FB}.Debug|x64.ActiveCfg = Debug|Any CPU
		{93791F1B-0204-426D-B8BA-312D298371FB}.Debug|x64.Build.0 = Debug|Any CPU
		{93791F1B-0204-426D-B8BA-312D298371FB}.Debug|x86.ActiveCfg = Debug|Any CPU
		{93791F1B-0204-426D-B8BA-312D298371FB}.Debug|x86.Build.0 = Debug|Any CPU
		{93791F1B-0204-426D-B8BA-312D298371FB}.Release|Any CPU.ActiveCfg = Release|Any CPU
		{93791F1B-0204-426D-B8BA-312D298371FB}.Release|Any CPU.Build.0 = Release|Any CPU
		{93791F1B-0204-426D-B8BA-312D298371FB}.Release|ARM.ActiveCfg = Release|Any CPU
		{93791F1B-0204-426D-B8BA-312D298371FB}.Release|ARM.Build.0 = Release|Any CPU
		{93791F1B-0204-426D-B8BA-312D298371FB}.Release|iPhone.ActiveCfg = Release|Any CPU
		{93791F1B-0204-426D-B8BA-312D298371FB}.Release|iPhone.Build.0 = Release|Any CPU
		{93791F1B-0204-426D-B8BA-312D298371FB}.Release|iPhoneSimulator.ActiveCfg = Release|Any CPU
		{93791F1B-0204-426D-B8BA-312D298371FB}.Release|iPhoneSimulator.Build.0 = Release|Any CPU
		{93791F1B-0204-426D-B8BA-312D298371FB}.Release|x64.ActiveCfg = Release|Any CPU
		{93791F1B-0204-426D-B8BA-312D298371FB}.Release|x64.Build.0 = Release|Any CPU
		{93791F1B-0204-426D-B8BA-312D298371FB}.Release|x86.ActiveCfg = Release|Any CPU
		{93791F1B-0204-426D-B8BA-312D298371FB}.Release|x86.Build.0 = Release|Any CPU
		{7F82F35F-AC8A-4A5C-83A3-234891CBBA40}.Debug|Any CPU.ActiveCfg = Debug|Any CPU
		{7F82F35F-AC8A-4A5C-83A3-234891CBBA40}.Debug|Any CPU.Build.0 = Debug|Any CPU
		{7F82F35F-AC8A-4A5C-83A3-234891CBBA40}.Debug|Any CPU.Deploy.0 = Debug|Any CPU
		{7F82F35F-AC8A-4A5C-83A3-234891CBBA40}.Debug|ARM.ActiveCfg = Debug|Any CPU
		{7F82F35F-AC8A-4A5C-83A3-234891CBBA40}.Debug|ARM.Build.0 = Debug|Any CPU
		{7F82F35F-AC8A-4A5C-83A3-234891CBBA40}.Debug|ARM.Deploy.0 = Debug|Any CPU
		{7F82F35F-AC8A-4A5C-83A3-234891CBBA40}.Debug|iPhone.ActiveCfg = Debug|Any CPU
		{7F82F35F-AC8A-4A5C-83A3-234891CBBA40}.Debug|iPhone.Build.0 = Debug|Any CPU
		{7F82F35F-AC8A-4A5C-83A3-234891CBBA40}.Debug|iPhone.Deploy.0 = Debug|Any CPU
		{7F82F35F-AC8A-4A5C-83A3-234891CBBA40}.Debug|iPhoneSimulator.ActiveCfg = Debug|Any CPU
		{7F82F35F-AC8A-4A5C-83A3-234891CBBA40}.Debug|iPhoneSimulator.Build.0 = Debug|Any CPU
		{7F82F35F-AC8A-4A5C-83A3-234891CBBA40}.Debug|iPhoneSimulator.Deploy.0 = Debug|Any CPU
		{7F82F35F-AC8A-4A5C-83A3-234891CBBA40}.Debug|x64.ActiveCfg = Debug|Any CPU
		{7F82F35F-AC8A-4A5C-83A3-234891CBBA40}.Debug|x64.Build.0 = Debug|Any CPU
		{7F82F35F-AC8A-4A5C-83A3-234891CBBA40}.Debug|x64.Deploy.0 = Debug|Any CPU
		{7F82F35F-AC8A-4A5C-83A3-234891CBBA40}.Debug|x86.ActiveCfg = Debug|Any CPU
		{7F82F35F-AC8A-4A5C-83A3-234891CBBA40}.Debug|x86.Build.0 = Debug|Any CPU
		{7F82F35F-AC8A-4A5C-83A3-234891CBBA40}.Debug|x86.Deploy.0 = Debug|Any CPU
		{7F82F35F-AC8A-4A5C-83A3-234891CBBA40}.Release|Any CPU.ActiveCfg = Release|Any CPU
		{7F82F35F-AC8A-4A5C-83A3-234891CBBA40}.Release|Any CPU.Build.0 = Release|Any CPU
		{7F82F35F-AC8A-4A5C-83A3-234891CBBA40}.Release|Any CPU.Deploy.0 = Release|Any CPU
		{7F82F35F-AC8A-4A5C-83A3-234891CBBA40}.Release|ARM.ActiveCfg = Release|Any CPU
		{7F82F35F-AC8A-4A5C-83A3-234891CBBA40}.Release|ARM.Build.0 = Release|Any CPU
		{7F82F35F-AC8A-4A5C-83A3-234891CBBA40}.Release|ARM.Deploy.0 = Release|Any CPU
		{7F82F35F-AC8A-4A5C-83A3-234891CBBA40}.Release|iPhone.ActiveCfg = Release|Any CPU
		{7F82F35F-AC8A-4A5C-83A3-234891CBBA40}.Release|iPhone.Build.0 = Release|Any CPU
		{7F82F35F-AC8A-4A5C-83A3-234891CBBA40}.Release|iPhone.Deploy.0 = Release|Any CPU
		{7F82F35F-AC8A-4A5C-83A3-234891CBBA40}.Release|iPhoneSimulator.ActiveCfg = Release|Any CPU
		{7F82F35F-AC8A-4A5C-83A3-234891CBBA40}.Release|iPhoneSimulator.Build.0 = Release|Any CPU
		{7F82F35F-AC8A-4A5C-83A3-234891CBBA40}.Release|iPhoneSimulator.Deploy.0 = Release|Any CPU
		{7F82F35F-AC8A-4A5C-83A3-234891CBBA40}.Release|x64.ActiveCfg = Release|Any CPU
		{7F82F35F-AC8A-4A5C-83A3-234891CBBA40}.Release|x64.Build.0 = Release|Any CPU
		{7F82F35F-AC8A-4A5C-83A3-234891CBBA40}.Release|x64.Deploy.0 = Release|Any CPU
		{7F82F35F-AC8A-4A5C-83A3-234891CBBA40}.Release|x86.ActiveCfg = Release|Any CPU
		{7F82F35F-AC8A-4A5C-83A3-234891CBBA40}.Release|x86.Build.0 = Release|Any CPU
		{7F82F35F-AC8A-4A5C-83A3-234891CBBA40}.Release|x86.Deploy.0 = Release|Any CPU
		{64A4C15F-8EF0-4B8E-9AB8-20EB4473A69D}.Debug|Any CPU.ActiveCfg = Debug|Any CPU
		{64A4C15F-8EF0-4B8E-9AB8-20EB4473A69D}.Debug|Any CPU.Build.0 = Debug|Any CPU
		{64A4C15F-8EF0-4B8E-9AB8-20EB4473A69D}.Debug|ARM.ActiveCfg = Debug|Any CPU
		{64A4C15F-8EF0-4B8E-9AB8-20EB4473A69D}.Debug|ARM.Build.0 = Debug|Any CPU
		{64A4C15F-8EF0-4B8E-9AB8-20EB4473A69D}.Debug|iPhone.ActiveCfg = Debug|Any CPU
		{64A4C15F-8EF0-4B8E-9AB8-20EB4473A69D}.Debug|iPhone.Build.0 = Debug|Any CPU
		{64A4C15F-8EF0-4B8E-9AB8-20EB4473A69D}.Debug|iPhoneSimulator.ActiveCfg = Debug|Any CPU
		{64A4C15F-8EF0-4B8E-9AB8-20EB4473A69D}.Debug|iPhoneSimulator.Build.0 = Debug|Any CPU
		{64A4C15F-8EF0-4B8E-9AB8-20EB4473A69D}.Debug|x64.ActiveCfg = Debug|Any CPU
		{64A4C15F-8EF0-4B8E-9AB8-20EB4473A69D}.Debug|x64.Build.0 = Debug|Any CPU
		{64A4C15F-8EF0-4B8E-9AB8-20EB4473A69D}.Debug|x86.ActiveCfg = Debug|Any CPU
		{64A4C15F-8EF0-4B8E-9AB8-20EB4473A69D}.Debug|x86.Build.0 = Debug|Any CPU
		{64A4C15F-8EF0-4B8E-9AB8-20EB4473A69D}.Release|Any CPU.ActiveCfg = Release|Any CPU
		{64A4C15F-8EF0-4B8E-9AB8-20EB4473A69D}.Release|Any CPU.Build.0 = Release|Any CPU
		{64A4C15F-8EF0-4B8E-9AB8-20EB4473A69D}.Release|ARM.ActiveCfg = Release|Any CPU
		{64A4C15F-8EF0-4B8E-9AB8-20EB4473A69D}.Release|ARM.Build.0 = Release|Any CPU
		{64A4C15F-8EF0-4B8E-9AB8-20EB4473A69D}.Release|iPhone.ActiveCfg = Release|Any CPU
		{64A4C15F-8EF0-4B8E-9AB8-20EB4473A69D}.Release|iPhone.Build.0 = Release|Any CPU
		{64A4C15F-8EF0-4B8E-9AB8-20EB4473A69D}.Release|iPhoneSimulator.ActiveCfg = Release|Any CPU
		{64A4C15F-8EF0-4B8E-9AB8-20EB4473A69D}.Release|iPhoneSimulator.Build.0 = Release|Any CPU
		{64A4C15F-8EF0-4B8E-9AB8-20EB4473A69D}.Release|x64.ActiveCfg = Release|Any CPU
		{64A4C15F-8EF0-4B8E-9AB8-20EB4473A69D}.Release|x64.Build.0 = Release|Any CPU
		{64A4C15F-8EF0-4B8E-9AB8-20EB4473A69D}.Release|x86.ActiveCfg = Release|Any CPU
		{64A4C15F-8EF0-4B8E-9AB8-20EB4473A69D}.Release|x86.Build.0 = Release|Any CPU
		{1A6823C2-4DA9-4ED4-B24B-2965FA517238}.Debug|Any CPU.ActiveCfg = Debug|Any CPU
		{1A6823C2-4DA9-4ED4-B24B-2965FA517238}.Debug|Any CPU.Build.0 = Debug|Any CPU
		{1A6823C2-4DA9-4ED4-B24B-2965FA517238}.Debug|ARM.ActiveCfg = Debug|Any CPU
		{1A6823C2-4DA9-4ED4-B24B-2965FA517238}.Debug|ARM.Build.0 = Debug|Any CPU
		{1A6823C2-4DA9-4ED4-B24B-2965FA517238}.Debug|iPhone.ActiveCfg = Debug|Any CPU
		{1A6823C2-4DA9-4ED4-B24B-2965FA517238}.Debug|iPhone.Build.0 = Debug|Any CPU
		{1A6823C2-4DA9-4ED4-B24B-2965FA517238}.Debug|iPhoneSimulator.ActiveCfg = Debug|Any CPU
		{1A6823C2-4DA9-4ED4-B24B-2965FA517238}.Debug|iPhoneSimulator.Build.0 = Debug|Any CPU
		{1A6823C2-4DA9-4ED4-B24B-2965FA517238}.Debug|x64.ActiveCfg = Debug|Any CPU
		{1A6823C2-4DA9-4ED4-B24B-2965FA517238}.Debug|x64.Build.0 = Debug|Any CPU
		{1A6823C2-4DA9-4ED4-B24B-2965FA517238}.Debug|x86.ActiveCfg = Debug|Any CPU
		{1A6823C2-4DA9-4ED4-B24B-2965FA517238}.Debug|x86.Build.0 = Debug|Any CPU
		{1A6823C2-4DA9-4ED4-B24B-2965FA517238}.Release|Any CPU.ActiveCfg = Release|Any CPU
		{1A6823C2-4DA9-4ED4-B24B-2965FA517238}.Release|Any CPU.Build.0 = Release|Any CPU
		{1A6823C2-4DA9-4ED4-B24B-2965FA517238}.Release|ARM.ActiveCfg = Release|Any CPU
		{1A6823C2-4DA9-4ED4-B24B-2965FA517238}.Release|ARM.Build.0 = Release|Any CPU
		{1A6823C2-4DA9-4ED4-B24B-2965FA517238}.Release|iPhone.ActiveCfg = Release|Any CPU
		{1A6823C2-4DA9-4ED4-B24B-2965FA517238}.Release|iPhone.Build.0 = Release|Any CPU
		{1A6823C2-4DA9-4ED4-B24B-2965FA517238}.Release|iPhoneSimulator.ActiveCfg = Release|Any CPU
		{1A6823C2-4DA9-4ED4-B24B-2965FA517238}.Release|iPhoneSimulator.Build.0 = Release|Any CPU
		{1A6823C2-4DA9-4ED4-B24B-2965FA517238}.Release|x64.ActiveCfg = Release|Any CPU
		{1A6823C2-4DA9-4ED4-B24B-2965FA517238}.Release|x64.Build.0 = Release|Any CPU
		{1A6823C2-4DA9-4ED4-B24B-2965FA517238}.Release|x86.ActiveCfg = Release|Any CPU
		{1A6823C2-4DA9-4ED4-B24B-2965FA517238}.Release|x86.Build.0 = Release|Any CPU
	EndGlobalSection
	GlobalSection(SolutionProperties) = preSolution
		HideSolutionNode = FALSE
	EndGlobalSection
	GlobalSection(ExtensibilityGlobals) = postSolution
		SolutionGuid = {636A4AF2-53C1-4A27-88D1-F45ED2B54E4F}
	EndGlobalSection
EndGlobal
