
Microsoft Visual Studio Solution File, Format Version 12.00
# Visual Studio Version 17
VisualStudioVersion = 17.1.32328.378
MinimumVisualStudioVersion = 10.0.40219.1
Project("{9A19103F-16F7-4668-BE54-9A1E7A4F7556}") = "ConsoleCrypt", "ConsoleCrypt\ConsoleCrypt.csproj", "{CE68DAAC-68AC-46F3-9C45-8E81E5546DC7}"
EndProject
Project("{9A19103F-16F7-4668-BE54-9A1E7A4F7556}") = "CommonForCryptPasswordLibrary", "CommonForCryptPasswordLibrary\CommonForCryptPasswordLibrary.csproj", "{93791F1B-0204-426D-B8BA-312D298371FB}"
EndProject
Project("{9A19103F-16F7-4668-BE54-9A1E7A4F7556}") = "MauiCryptApp", "MauiCryptApp\MauiCryptApp.csproj", "{06F13A12-A3A6-4D6F-B5D5-F85DF0753DCA}"
EndProject
Project("{9A19103F-16F7-4668-BE54-9A1E7A4F7556}") = "TestConsoleCrypt", "TestConsoleCrypt\TestConsoleCrypt.csproj", "{524E0B8D-A0E9-42F0-97C7-57E0D71D3DCB}"
EndProject
Global
	GlobalSection(SolutionConfigurationPlatforms) = preSolution
		Debug|Any CPU = Debug|Any CPU
		Debug|ARM = Debug|ARM
		Debug|iPhone = Debug|iPhone
		Debug|iPhoneSimulator = Debug|iPhoneSimulator
		Debug|x64 = Debug|x64
		Debug|x86 = Debug|x86
		Release|Any CPU = Release|Any CPU
		Release|ARM = Release|ARM
		Release|iPhone = Release|iPhone
		Release|iPhoneSimulator = Release|iPhoneSimulator
		Release|x64 = Release|x64
		Release|x86 = Release|x86
	EndGlobalSection
	GlobalSection(ProjectConfigurationPlatforms) = postSolution
		{CE68DAAC-68AC-46F3-9C45-8E81E5546DC7}.Debug|Any CPU.ActiveCfg = Debug|Any CPU
		{CE68DAAC-68AC-46F3-9C45-8E81E5546DC7}.Debug|Any CPU.Build.0 = Debug|Any CPU
		{CE68DAAC-68AC-46F3-9C45-8E81E5546DC7}.Debug|ARM.ActiveCfg = Debug|Any CPU
		{CE68DAAC-68AC-46F3-9C45-8E81E5546DC7}.Debug|ARM.Build.0 = Debug|Any CPU
		{CE68DAAC-68AC-46F3-9C45-8E81E5546DC7}.Debug|iPhone.ActiveCfg = Debug|Any CPU
		{CE68DAAC-68AC-46F3-9C45-8E81E5546DC7}.Debug|iPhone.Build.0 = Debug|Any CPU
		{CE68DAAC-68AC-46F3-9C45-8E81E5546DC7}.Debug|iPhoneSimulator.ActiveCfg = Debug|Any CPU
		{CE68DAAC-68AC-46F3-9C45-8E81E5546DC7}.Debug|iPhoneSimulator.Build.0 = Debug|Any CPU
		{CE68DAAC-68AC-46F3-9C45-8E81E5546DC7}.Debug|x64.ActiveCfg = Debug|Any CPU
		{CE68DAAC-68AC-46F3-9C45-8E81E5546DC7}.Debug|x64.Build.0 = Debug|Any CPU
		{CE68DAAC-68AC-46F3-9C45-8E81E5546DC7}.Debug|x86.ActiveCfg = Debug|Any CPU
		{CE68DAAC-68AC-46F3-9C45-8E81E5546DC7}.Debug|x86.Build.0 = Debug|Any CPU
		{CE68DAAC-68AC-46F3-9C45-8E81E5546DC7}.Release|Any CPU.ActiveCfg = Release|Any CPU
		{CE68DAAC-68AC-46F3-9C45-8E81E5546DC7}.Release|Any CPU.Build.0 = Release|Any CPU
		{CE68DAAC-68AC-46F3-9C45-8E81E5546DC7}.Release|ARM.ActiveCfg = Release|Any CPU
		{CE68DAAC-68AC-46F3-9C45-8E81E5546DC7}.Release|ARM.Build.0 = Release|Any CPU
		{CE68DAAC-68AC-46F3-9C45-8E81E5546DC7}.Release|iPhone.ActiveCfg = Release|Any CPU
		{CE68DAAC-68AC-46F3-9C45-8E81E5546DC7}.Release|iPhone.Build.0 = Release|Any CPU
		{CE68DAAC-68AC-46F3-9C45-8E81E5546DC7}.Release|iPhoneSimulator.ActiveCfg = Release|Any CPU
		{CE68DAAC-68AC-46F3-9C45-8E81E5546DC7}.Release|iPhoneSimulator.Build.0 = Release|Any CPU
		{CE68DAAC-68AC-46F3-9C45-8E81E5546DC7}.Release|x64.ActiveCfg = Release|Any CPU
		{CE68DAAC-68AC-46F3-9C45-8E81E5546DC7}.Release|x64.Build.0 = Release|Any CPU
		{CE68DAAC-68AC-46F3-9C45-8E81E5546DC7}.Release|x86.ActiveCfg = Release|Any CPU
		{CE68DAAC-68AC-46F3-9C45-8E81E5546DC7}.Release|x86.Build.0 = Release|Any CPU
		{93791F1B-0204-426D-B8BA-312D298371FB}.Debug|Any CPU.ActiveCfg = Debug|Any CPU
		{93791F1B-0204-426D-B8BA-312D298371FB}.Debug|Any CPU.Build.0 = Debug|Any CPU
		{93791F1B-0204-426D-B8BA-312D298371FB}.Debug|ARM.ActiveCfg = Debug|Any CPU
		{93791F1B-0204-426D-B8BA-312D298371FB}.Debug|ARM.Build.0 = Debug|Any CPU
		{93791F1B-0204-426D-B8BA-312D298371FB}.Debug|iPhone.ActiveCfg = Debug|Any CPU
		{93791F1B-0204-426D-B8BA-312D298371FB}.Debug|iPhone.Build.0 = Debug|Any CPU
		{93791F1B-0204-426D-B8BA-312D298371FB}.Debug|iPhoneSimulator.ActiveCfg = Debug|Any CPU
		{93791F1B-0204-426D-B8BA-312D298371FB}.Debug|iPhoneSimulator.Build.0 = Debug|Any CPU
		{93791F1B-0204-426D-B8BA-312D298371FB}.Debug|x64.ActiveCfg = Debug|Any CPU
		{93791F1B-0204-426D-B8BA-312D298371FB}.Debug|x64.Build.0 = Debug|Any CPU
		{93791F1B-0204-426D-B8BA-312D298371FB}.Debug|x86.ActiveCfg = Debug|Any CPU
		{93791F1B-0204-426D-B8BA-312D298371FB}.Debug|x86.Build.0 = Debug|Any CPU
		{93791F1B-0204-426D-B8BA-312D298371FB}.Release|Any CPU.ActiveCfg = Release|Any CPU
		{93791F1B-0204-426D-B8BA-312D298371FB}.Release|Any CPU.Build.0 = Release|Any CPU
		{93791F1B-0204-426D-B8BA-312D298371FB}.Release|ARM.ActiveCfg = Release|Any CPU
		{93791F1B-0204-426D-B8BA-312D298371FB}.Release|ARM.Build.0 = Release|Any CPU
		{93791F1B-0204-426D-B8BA-312D298371FB}.Release|iPhone.ActiveCfg = Release|Any CPU
		{93791F1B-0204-426D-B8BA-312D298371FB}.Release|iPhone.Build.0 = Release|Any CPU
		{93791F1B-0204-426D-B8BA-312D298371FB}.Release|iPhoneSimulator.ActiveCfg = Release|Any CPU
		{93791F1B-0204-426D-B8BA-312D298371FB}.Release|iPhoneSimulator.Build.0 = Release|Any CPU
		{93791F1B-0204-426D-B8BA-312D298371FB}.Release|x64.ActiveCfg = Release|Any CPU
		{93791F1B-0204-426D-B8BA-312D298371FB}.Release|x64.Build.0 = Release|Any CPU
		{93791F1B-0204-426D-B8BA-312D298371FB}.Release|x86.ActiveCfg = Release|Any CPU
		{93791F1B-0204-426D-B8BA-312D298371FB}.Release|x86.Build.0 = Release|Any CPU
		{06F13A12-A3A6-4D6F-B5D5-F85DF0753DCA}.Debug|Any CPU.ActiveCfg = Debug|Any CPU
		{06F13A12-A3A6-4D6F-B5D5-F85DF0753DCA}.Debug|Any CPU.Build.0 = Debug|Any CPU
		{06F13A12-A3A6-4D6F-B5D5-F85DF0753DCA}.Debug|Any CPU.Deploy.0 = Debug|Any CPU
		{06F13A12-A3A6-4D6F-B5D5-F85DF0753DCA}.Debug|ARM.ActiveCfg = Debug|Any CPU
		{06F13A12-A3A6-4D6F-B5D5-F85DF0753DCA}.Debug|ARM.Build.0 = Debug|Any CPU
		{06F13A12-A3A6-4D6F-B5D5-F85DF0753DCA}.Debug|ARM.Deploy.0 = Debug|Any CPU
		{06F13A12-A3A6-4D6F-B5D5-F85DF0753DCA}.Debug|iPhone.ActiveCfg = Debug|Any CPU
		{06F13A12-A3A6-4D6F-B5D5-F85DF0753DCA}.Debug|iPhone.Build.0 = Debug|Any CPU
		{06F13A12-A3A6-4D6F-B5D5-F85DF0753DCA}.Debug|iPhone.Deploy.0 = Debug|Any CPU
		{06F13A12-A3A6-4D6F-B5D5-F85DF0753DCA}.Debug|iPhoneSimulator.ActiveCfg = Debug|Any CPU
		{06F13A12-A3A6-4D6F-B5D5-F85DF0753DCA}.Debug|iPhoneSimulator.Build.0 = Debug|Any CPU
		{06F13A12-A3A6-4D6F-B5D5-F85DF0753DCA}.Debug|iPhoneSimulator.Deploy.0 = Debug|Any CPU
		{06F13A12-A3A6-4D6F-B5D5-F85DF0753DCA}.Debug|x64.ActiveCfg = Debug|Any CPU
		{06F13A12-A3A6-4D6F-B5D5-F85DF0753DCA}.Debug|x64.Build.0 = Debug|Any CPU
		{06F13A12-A3A6-4D6F-B5D5-F85DF0753DCA}.Debug|x64.Deploy.0 = Debug|Any CPU
		{06F13A12-A3A6-4D6F-B5D5-F85DF0753DCA}.Debug|x86.ActiveCfg = Debug|Any CPU
		{06F13A12-A3A6-4D6F-B5D5-F85DF0753DCA}.Debug|x86.Build.0 = Debug|Any CPU
		{06F13A12-A3A6-4D6F-B5D5-F85DF0753DCA}.Debug|x86.Deploy.0 = Debug|Any CPU
		{06F13A12-A3A6-4D6F-B5D5-F85DF0753DCA}.Release|Any CPU.ActiveCfg = Release|Any CPU
		{06F13A12-A3A6-4D6F-B5D5-F85DF0753DCA}.Release|Any CPU.Build.0 = Release|Any CPU
		{06F13A12-A3A6-4D6F-B5D5-F85DF0753DCA}.Release|Any CPU.Deploy.0 = Release|Any CPU
		{06F13A12-A3A6-4D6F-B5D5-F85DF0753DCA}.Release|ARM.ActiveCfg = Release|Any CPU
		{06F13A12-A3A6-4D6F-B5D5-F85DF0753DCA}.Release|ARM.Build.0 = Release|Any CPU
		{06F13A12-A3A6-4D6F-B5D5-F85DF0753DCA}.Release|ARM.Deploy.0 = Release|Any CPU
		{06F13A12-A3A6-4D6F-B5D5-F85DF0753DCA}.Release|iPhone.ActiveCfg = Release|Any CPU
		{06F13A12-A3A6-4D6F-B5D5-F85DF0753DCA}.Release|iPhone.Build.0 = Release|Any CPU
		{06F13A12-A3A6-4D6F-B5D5-F85DF0753DCA}.Release|iPhone.Deploy.0 = Release|Any CPU
		{06F13A12-A3A6-4D6F-B5D5-F85DF0753DCA}.Release|iPhoneSimulator.ActiveCfg = Release|Any CPU
		{06F13A12-A3A6-4D6F-B5D5-F85DF0753DCA}.Release|iPhoneSimulator.Build.0 = Release|Any CPU
		{06F13A12-A3A6-4D6F-B5D5-F85DF0753DCA}.Release|iPhoneSimulator.Deploy.0 = Release|Any CPU
		{06F13A12-A3A6-4D6F-B5D5-F85DF0753DCA}.Release|x64.ActiveCfg = Release|Any CPU
		{06F13A12-A3A6-4D6F-B5D5-F85DF0753DCA}.Release|x64.Build.0 = Release|Any CPU
		{06F13A12-A3A6-4D6F-B5D5-F85DF0753DCA}.Release|x64.Deploy.0 = Release|Any CPU
		{06F13A12-A3A6-4D6F-B5D5-F85DF0753DCA}.Release|x86.ActiveCfg = Release|Any CPU
		{06F13A12-A3A6-4D6F-B5D5-F85DF0753DCA}.Release|x86.Build.0 = Release|Any CPU
		{06F13A12-A3A6-4D6F-B5D5-F85DF0753DCA}.Release|x86.Deploy.0 = Release|Any CPU
		{524E0B8D-A0E9-42F0-97C7-57E0D71D3DCB}.Debug|Any CPU.ActiveCfg = Debug|Any CPU
		{524E0B8D-A0E9-42F0-97C7-57E0D71D3DCB}.Debug|Any CPU.Build.0 = Debug|Any CPU
		{524E0B8D-A0E9-42F0-97C7-57E0D71D3DCB}.Debug|ARM.ActiveCfg = Debug|Any CPU
		{524E0B8D-A0E9-42F0-97C7-57E0D71D3DCB}.Debug|ARM.Build.0 = Debug|Any CPU
		{524E0B8D-A0E9-42F0-97C7-57E0D71D3DCB}.Debug|iPhone.ActiveCfg = Debug|Any CPU
		{524E0B8D-A0E9-42F0-97C7-57E0D71D3DCB}.Debug|iPhone.Build.0 = Debug|Any CPU
		{524E0B8D-A0E9-42F0-97C7-57E0D71D3DCB}.Debug|iPhoneSimulator.ActiveCfg = Debug|Any CPU
		{524E0B8D-A0E9-42F0-97C7-57E0D71D3DCB}.Debug|iPhoneSimulator.Build.0 = Debug|Any CPU
		{524E0B8D-A0E9-42F0-97C7-57E0D71D3DCB}.Debug|x64.ActiveCfg = Debug|Any CPU
		{524E0B8D-A0E9-42F0-97C7-57E0D71D3DCB}.Debug|x64.Build.0 = Debug|Any CPU
		{524E0B8D-A0E9-42F0-97C7-57E0D71D3DCB}.Debug|x86.ActiveCfg = Debug|Any CPU
		{524E0B8D-A0E9-42F0-97C7-57E0D71D3DCB}.Debug|x86.Build.0 = Debug|Any CPU
		{524E0B8D-A0E9-42F0-97C7-57E0D71D3DCB}.Release|Any CPU.ActiveCfg = Release|Any CPU
		{524E0B8D-A0E9-42F0-97C7-57E0D71D3DCB}.Release|Any CPU.Build.0 = Release|Any CPU
		{524E0B8D-A0E9-42F0-97C7-57E0D71D3DCB}.Release|ARM.ActiveCfg = Release|Any CPU
		{524E0B8D-A0E9-42F0-97C7-57E0D71D3DCB}.Release|ARM.Build.0 = Release|Any CPU
		{524E0B8D-A0E9-42F0-97C7-57E0D71D3DCB}.Release|iPhone.ActiveCfg = Release|Any CPU
		{524E0B8D-A0E9-42F0-97C7-57E0D71D3DCB}.Release|iPhone.Build.0 = Release|Any CPU
		{524E0B8D-A0E9-42F0-97C7-57E0D71D3DCB}.Release|iPhoneSimulator.ActiveCfg = Release|Any CPU
		{524E0B8D-A0E9-42F0-97C7-57E0D71D3DCB}.Release|iPhoneSimulator.Build.0 = Release|Any CPU
		{524E0B8D-A0E9-42F0-97C7-57E0D71D3DCB}.Release|x64.ActiveCfg = Release|Any CPU
		{524E0B8D-A0E9-42F0-97C7-57E0D71D3DCB}.Release|x64.Build.0 = Release|Any CPU
		{524E0B8D-A0E9-42F0-97C7-57E0D71D3DCB}.Release|x86.ActiveCfg = Release|Any CPU
		{524E0B8D-A0E9-42F0-97C7-57E0D71D3DCB}.Release|x86.Build.0 = Release|Any CPU
	EndGlobalSection
	GlobalSection(SolutionProperties) = preSolution
		HideSolutionNode = FALSE
	EndGlobalSection
	GlobalSection(ExtensibilityGlobals) = postSolution
		SolutionGuid = {636A4AF2-53C1-4A27-88D1-F45ED2B54E4F}
	EndGlobalSection
EndGlobal
